
Microsoft Visual Studio Solution File, Format Version 12.00
# Visual Studio Version 17
VisualStudioVersion = 17.4.33213.308
MinimumVisualStudioVersion = 10.0.40219.1
Project("{FAE04EC0-301F-11D3-BF4B-00C04F79EFBC}") = "FormsPractica2", "FormsPractica2\FormsPractica2.csproj", "{AE181F50-D120-4914-9177-5504D68683C1}"
EndProject
Global
	GlobalSection(SolutionConfigurationPlatforms) = preSolution
		Debug|Any CPU = Debug|Any CPU
		Release|Any CPU = Release|Any CPU
	EndGlobalSection
	GlobalSection(ProjectConfigurationPlatforms) = postSolution
		{AE181F50-D120-4914-9177-5504D68683C1}.Debug|Any CPU.ActiveCfg = Debug|Any CPU
		{AE181F50-D120-4914-9177-5504D68683C1}.Debug|Any CPU.Build.0 = Debug|Any CPU
		{AE181F50-D120-4914-9177-5504D68683C1}.Release|Any CPU.ActiveCfg = Release|Any CPU
		{AE181F50-D120-4914-9177-5504D68683C1}.Release|Any CPU.Build.0 = Release|Any CPU
	EndGlobalSection
	GlobalSection(SolutionProperties) = preSolution
		HideSolutionNode = FALSE
	EndGlobalSection
	GlobalSection(ExtensibilityGlobals) = postSolution
		SolutionGuid = {E50E42D5-56DD-4099-8337-2BAF1606B5A6}
	EndGlobalSection
EndGlobal
